// !$*UTF8*$!
{
	archiveVersion = 1;
	classes = {
	};
	objectVersion = 50;
	objects = {

/* Begin PBXBuildFile section */
		58215E7420E651990004BB8B /* Design.png in Resources */ = {isa = PBXBuildFile; fileRef = 58215E7320E651980004BB8B /* Design.png */; };
		5842F1E5213929B500736A97 /* ReviewHelper.swift in Sources */ = {isa = PBXBuildFile; fileRef = 5842F1E4213929B500736A97 /* ReviewHelper.swift */; };
		58466BD820E4D7610029C1F9 /* AddViewController.swift in Sources */ = {isa = PBXBuildFile; fileRef = 58466BD720E4D7610029C1F9 /* AddViewController.swift */; };
		58466BDA20E4E40D0029C1F9 /* DatabaseUtil.swift in Sources */ = {isa = PBXBuildFile; fileRef = 58466BD920E4E40D0029C1F9 /* DatabaseUtil.swift */; };
		5850E5DB20E386A2002C1D42 /* AppDelegate.swift in Sources */ = {isa = PBXBuildFile; fileRef = 5850E5DA20E386A2002C1D42 /* AppDelegate.swift */; };
		5850E5DD20E386A2002C1D42 /* ServicesController.swift in Sources */ = {isa = PBXBuildFile; fileRef = 5850E5DC20E386A2002C1D42 /* ServicesController.swift */; };
		5850E5E020E386A2002C1D42 /* Main.storyboard in Resources */ = {isa = PBXBuildFile; fileRef = 5850E5DE20E386A2002C1D42 /* Main.storyboard */; };
		5850E5E520E386AB002C1D42 /* Assets.xcassets in Resources */ = {isa = PBXBuildFile; fileRef = 5850E5E420E386AB002C1D42 /* Assets.xcassets */; };
		5850E5E820E386AB002C1D42 /* LaunchScreen.storyboard in Resources */ = {isa = PBXBuildFile; fileRef = 5850E5E620E386AB002C1D42 /* LaunchScreen.storyboard */; };
		5850E5F520E39040002C1D42 /* NumberCell.swift in Sources */ = {isa = PBXBuildFile; fileRef = 5850E5F420E39040002C1D42 /* NumberCell.swift */; };
		5850E60120E3DEC8002C1D42 /* AboutUsViewController.swift in Sources */ = {isa = PBXBuildFile; fileRef = 5850E60020E3DEC8002C1D42 /* AboutUsViewController.swift */; };
		812F9E49217B5D5900106A38 /* GradientView.swift in Sources */ = {isa = PBXBuildFile; fileRef = 812F9E48217B5D5900106A38 /* GradientView.swift */; };
		8141144B217B925A00314726 /* CityViewController.swift in Sources */ = {isa = PBXBuildFile; fileRef = 8141144A217B925A00314726 /* CityViewController.swift */; };
		8141144D217B937E00314726 /* EntryViewController.swift in Sources */ = {isa = PBXBuildFile; fileRef = 8141144C217B937E00314726 /* EntryViewController.swift */; };
		8141144F217B9B1700314726 /* CityCell.swift in Sources */ = {isa = PBXBuildFile; fileRef = 8141144E217B9B1700314726 /* CityCell.swift */; };
		81411453217C90EA00314726 /* CSV.framework in Frameworks */ = {isa = PBXBuildFile; fileRef = 81411452217C90EA00314726 /* CSV.framework */; };
		81411455217C90EA00314726 /* SQLite.framework in Frameworks */ = {isa = PBXBuildFile; fileRef = 81411454217C90EA00314726 /* SQLite.framework */; };
		81411457217C90EA00314726 /* VegaScrollFlowLayout.framework in Frameworks */ = {isa = PBXBuildFile; fileRef = 81411456217C90EA00314726 /* VegaScrollFlowLayout.framework */; };
		81C8D9EB21A01E7800CA6DE0 /* EmergencyNumbers.csv in Resources */ = {isa = PBXBuildFile; fileRef = 81C8D9EA21A01E7800CA6DE0 /* EmergencyNumbers.csv */; };
		81C8D9ED21A0300A00CA6DE0 /* EmergencyController.swift in Sources */ = {isa = PBXBuildFile; fileRef = 81C8D9EC21A0300A00CA6DE0 /* EmergencyController.swift */; };
		81D3AAE821A9B8D000408FAD /* HelperExtensions.swift in Sources */ = {isa = PBXBuildFile; fileRef = 81D3AAE721A9B8D000408FAD /* HelperExtensions.swift */; };
		EB268C2CF586C0B2D88CD8E8 /* Pods_Emergency_Numbers.framework in Frameworks */ = {isa = PBXBuildFile; fileRef = 7531B393001FC14305DA0BBC /* Pods_Emergency_Numbers.framework */; };
		F230F9FD20E5589500869E1A /* ContactNumber.swift in Sources */ = {isa = PBXBuildFile; fileRef = F230F9FC20E5589500869E1A /* ContactNumber.swift */; };
/* End PBXBuildFile section */

/* Begin PBXFileReference section */
		58215E7320E651980004BB8B /* Design.png */ = {isa = PBXFileReference; lastKnownFileType = image.png; path = Design.png; sourceTree = "<group>"; };
		5842F1E4213929B500736A97 /* ReviewHelper.swift */ = {isa = PBXFileReference; lastKnownFileType = sourcecode.swift; path = ReviewHelper.swift; sourceTree = "<group>"; };
		58466BD720E4D7610029C1F9 /* AddViewController.swift */ = {isa = PBXFileReference; lastKnownFileType = sourcecode.swift; path = AddViewController.swift; sourceTree = "<group>"; };
		58466BD920E4E40D0029C1F9 /* DatabaseUtil.swift */ = {isa = PBXFileReference; lastKnownFileType = sourcecode.swift; path = DatabaseUtil.swift; sourceTree = "<group>"; };
		5850E5D720E386A2002C1D42 /* Emergency Numbers.app */ = {isa = PBXFileReference; explicitFileType = wrapper.application; includeInIndex = 0; path = "Emergency Numbers.app"; sourceTree = BUILT_PRODUCTS_DIR; };
		5850E5DA20E386A2002C1D42 /* AppDelegate.swift */ = {isa = PBXFileReference; lastKnownFileType = sourcecode.swift; path = AppDelegate.swift; sourceTree = "<group>"; };
		5850E5DC20E386A2002C1D42 /* ServicesController.swift */ = {isa = PBXFileReference; lastKnownFileType = sourcecode.swift; path = ServicesController.swift; sourceTree = "<group>"; };
		5850E5DF20E386A2002C1D42 /* Base */ = {isa = PBXFileReference; lastKnownFileType = file.storyboard; name = Base; path = Base.lproj/Main.storyboard; sourceTree = "<group>"; };
		5850E5E420E386AB002C1D42 /* Assets.xcassets */ = {isa = PBXFileReference; lastKnownFileType = folder.assetcatalog; path = Assets.xcassets; sourceTree = "<group>"; };
		5850E5E720E386AB002C1D42 /* Base */ = {isa = PBXFileReference; lastKnownFileType = file.storyboard; name = Base; path = Base.lproj/LaunchScreen.storyboard; sourceTree = "<group>"; };
		5850E5E920E386AB002C1D42 /* Info.plist */ = {isa = PBXFileReference; lastKnownFileType = text.plist.xml; path = Info.plist; sourceTree = "<group>"; };
		5850E5F420E39040002C1D42 /* NumberCell.swift */ = {isa = PBXFileReference; lastKnownFileType = sourcecode.swift; path = NumberCell.swift; sourceTree = "<group>"; };
		5850E60020E3DEC8002C1D42 /* AboutUsViewController.swift */ = {isa = PBXFileReference; lastKnownFileType = sourcecode.swift; path = AboutUsViewController.swift; sourceTree = "<group>"; };
		7531B393001FC14305DA0BBC /* Pods_Emergency_Numbers.framework */ = {isa = PBXFileReference; explicitFileType = wrapper.framework; includeInIndex = 0; path = Pods_Emergency_Numbers.framework; sourceTree = BUILT_PRODUCTS_DIR; };
		812F9E48217B5D5900106A38 /* GradientView.swift */ = {isa = PBXFileReference; lastKnownFileType = sourcecode.swift; path = GradientView.swift; sourceTree = "<group>"; };
		8141144A217B925A00314726 /* CityViewController.swift */ = {isa = PBXFileReference; lastKnownFileType = sourcecode.swift; path = CityViewController.swift; sourceTree = "<group>"; };
		8141144C217B937E00314726 /* EntryViewController.swift */ = {isa = PBXFileReference; lastKnownFileType = sourcecode.swift; path = EntryViewController.swift; sourceTree = "<group>"; };
		8141144E217B9B1700314726 /* CityCell.swift */ = {isa = PBXFileReference; lastKnownFileType = sourcecode.swift; path = CityCell.swift; sourceTree = "<group>"; };
		81411450217C90DD00314726 /* LTMorphingLabel.framework */ = {isa = PBXFileReference; explicitFileType = wrapper.framework; path = LTMorphingLabel.framework; sourceTree = BUILT_PRODUCTS_DIR; };
		81411452217C90EA00314726 /* CSV.framework */ = {isa = PBXFileReference; explicitFileType = wrapper.framework; path = CSV.framework; sourceTree = BUILT_PRODUCTS_DIR; };
		81411454217C90EA00314726 /* SQLite.framework */ = {isa = PBXFileReference; explicitFileType = wrapper.framework; path = SQLite.framework; sourceTree = BUILT_PRODUCTS_DIR; };
		81411456217C90EA00314726 /* VegaScrollFlowLayout.framework */ = {isa = PBXFileReference; explicitFileType = wrapper.framework; path = VegaScrollFlowLayout.framework; sourceTree = BUILT_PRODUCTS_DIR; };
		81C8D9EA21A01E7800CA6DE0 /* EmergencyNumbers.csv */ = {isa = PBXFileReference; fileEncoding = 4; lastKnownFileType = text; path = EmergencyNumbers.csv; sourceTree = "<group>"; };
		81C8D9EC21A0300A00CA6DE0 /* EmergencyController.swift */ = {isa = PBXFileReference; fileEncoding = 4; lastKnownFileType = sourcecode.swift; path = EmergencyController.swift; sourceTree = "<group>"; };
		81D3AAE721A9B8D000408FAD /* HelperExtensions.swift */ = {isa = PBXFileReference; lastKnownFileType = sourcecode.swift; path = HelperExtensions.swift; sourceTree = "<group>"; };
		8D52D8C4AD16A4F8515CB1D2 /* Pods-Emergency Numbers.release.xcconfig */ = {isa = PBXFileReference; includeInIndex = 1; lastKnownFileType = text.xcconfig; name = "Pods-Emergency Numbers.release.xcconfig"; path = "Pods/Target Support Files/Pods-Emergency Numbers/Pods-Emergency Numbers.release.xcconfig"; sourceTree = "<group>"; };
		E22DEC8D3EABD4A804A994AB /* Pods-Emergency Numbers.debug.xcconfig */ = {isa = PBXFileReference; includeInIndex = 1; lastKnownFileType = text.xcconfig; name = "Pods-Emergency Numbers.debug.xcconfig"; path = "Pods/Target Support Files/Pods-Emergency Numbers/Pods-Emergency Numbers.debug.xcconfig"; sourceTree = "<group>"; };
		F230F9FC20E5589500869E1A /* ContactNumber.swift */ = {isa = PBXFileReference; lastKnownFileType = sourcecode.swift; path = ContactNumber.swift; sourceTree = "<group>"; };
/* End PBXFileReference section */

/* Begin PBXFrameworksBuildPhase section */
		5850E5D420E386A2002C1D42 /* Frameworks */ = {
			isa = PBXFrameworksBuildPhase;
			buildActionMask = 2147483647;
			files = (
				81411453217C90EA00314726 /* CSV.framework in Frameworks */,
				81411455217C90EA00314726 /* SQLite.framework in Frameworks */,
				81411457217C90EA00314726 /* VegaScrollFlowLayout.framework in Frameworks */,
				EB268C2CF586C0B2D88CD8E8 /* Pods_Emergency_Numbers.framework in Frameworks */,
			);
			runOnlyForDeploymentPostprocessing = 0;
		};
/* End PBXFrameworksBuildPhase section */

/* Begin PBXGroup section */
		38122152100A3D1D57B2B693 /* Frameworks */ = {
			isa = PBXGroup;
			children = (
				81411452217C90EA00314726 /* CSV.framework */,
				81411454217C90EA00314726 /* SQLite.framework */,
				81411456217C90EA00314726 /* VegaScrollFlowLayout.framework */,
				81411450217C90DD00314726 /* LTMorphingLabel.framework */,
				7531B393001FC14305DA0BBC /* Pods_Emergency_Numbers.framework */,
			);
			name = Frameworks;
			sourceTree = "<group>";
		};
		5842F1E32139299800736A97 /* Util */ = {
			isa = PBXGroup;
			children = (
				5842F1E4213929B500736A97 /* ReviewHelper.swift */,
				812F9E48217B5D5900106A38 /* GradientView.swift */,
				81D3AAE721A9B8D000408FAD /* HelperExtensions.swift */,
			);
			path = Util;
			sourceTree = "<group>";
		};
		5842F1E621392D3C00736A97 /* Cell */ = {
			isa = PBXGroup;
			children = (
				5850E5F420E39040002C1D42 /* NumberCell.swift */,
				8141144E217B9B1700314726 /* CityCell.swift */,
			);
			path = Cell;
			sourceTree = "<group>";
		};
		5850E5CE20E386A1002C1D42 = {
			isa = PBXGroup;
			children = (
				5850E5D920E386A2002C1D42 /* Emergency Numbers */,
				5850E5D820E386A2002C1D42 /* Products */,
				B17A0A12A1D436869E8CAD16 /* Pods */,
				38122152100A3D1D57B2B693 /* Frameworks */,
			);
			sourceTree = "<group>";
		};
		5850E5D820E386A2002C1D42 /* Products */ = {
			isa = PBXGroup;
			children = (
				5850E5D720E386A2002C1D42 /* Emergency Numbers.app */,
			);
			name = Products;
			sourceTree = "<group>";
		};
		5850E5D920E386A2002C1D42 /* Emergency Numbers */ = {
			isa = PBXGroup;
			children = (
				5842F1E621392D3C00736A97 /* Cell */,
				5842F1E32139299800736A97 /* Util */,
				5850E5F920E3CE73002C1D42 /* Datasource */,
				5850E5F820E3CE67002C1D42 /* Controllers */,
				5850E5F720E3CE5A002C1D42 /* Views */,
				5850E5F620E3CE4D002C1D42 /* Base */,
				5850E5EF20E3879E002C1D42 /* Resources */,
				5850E5E420E386AB002C1D42 /* Assets.xcassets */,
				5850E5E920E386AB002C1D42 /* Info.plist */,
			);
			path = "Emergency Numbers";
			sourceTree = "<group>";
		};
		5850E5EF20E3879E002C1D42 /* Resources */ = {
			isa = PBXGroup;
			children = (
				58215E7320E651980004BB8B /* Design.png */,
			);
			path = Resources;
			sourceTree = "<group>";
		};
		5850E5F620E3CE4D002C1D42 /* Base */ = {
			isa = PBXGroup;
			children = (
				5850E5DA20E386A2002C1D42 /* AppDelegate.swift */,
			);
			path = Base;
			sourceTree = "<group>";
		};
		5850E5F720E3CE5A002C1D42 /* Views */ = {
			isa = PBXGroup;
			children = (
				5850E5DE20E386A2002C1D42 /* Main.storyboard */,
				5850E5E620E386AB002C1D42 /* LaunchScreen.storyboard */,
			);
			path = Views;
			sourceTree = "<group>";
		};
		5850E5F820E3CE67002C1D42 /* Controllers */ = {
			isa = PBXGroup;
			children = (
				8141144C217B937E00314726 /* EntryViewController.swift */,
				8141144A217B925A00314726 /* CityViewController.swift */,
				5850E5DC20E386A2002C1D42 /* ServicesController.swift */,
				81C8D9EC21A0300A00CA6DE0 /* EmergencyController.swift */,
				58466BD720E4D7610029C1F9 /* AddViewController.swift */,
				5850E60020E3DEC8002C1D42 /* AboutUsViewController.swift */,
			);
			path = Controllers;
			sourceTree = "<group>";
		};
		5850E5F920E3CE73002C1D42 /* Datasource */ = {
			isa = PBXGroup;
			children = (
				81C8D9EA21A01E7800CA6DE0 /* EmergencyNumbers.csv */,
				58466BD920E4E40D0029C1F9 /* DatabaseUtil.swift */,
				F230F9FC20E5589500869E1A /* ContactNumber.swift */,
			);
			path = Datasource;
			sourceTree = "<group>";
		};
		B17A0A12A1D436869E8CAD16 /* Pods */ = {
			isa = PBXGroup;
			children = (
				E22DEC8D3EABD4A804A994AB /* Pods-Emergency Numbers.debug.xcconfig */,
				8D52D8C4AD16A4F8515CB1D2 /* Pods-Emergency Numbers.release.xcconfig */,
			);
			name = Pods;
			sourceTree = "<group>";
		};
/* End PBXGroup section */

/* Begin PBXNativeTarget section */
		5850E5D620E386A2002C1D42 /* Emergency Numbers */ = {
			isa = PBXNativeTarget;
			buildConfigurationList = 5850E5EC20E386AB002C1D42 /* Build configuration list for PBXNativeTarget "Emergency Numbers" */;
			buildPhases = (
				9D40CF261B83BD2CA3FD94C4 /* [CP] Check Pods Manifest.lock */,
				5850E5D320E386A2002C1D42 /* Sources */,
				5850E5D420E386A2002C1D42 /* Frameworks */,
				5850E5D520E386A2002C1D42 /* Resources */,
				00106A82340DF3CF036EE93C /* [CP] Embed Pods Frameworks */,
			);
			buildRules = (
			);
			dependencies = (
			);
			name = "Emergency Numbers";
			productName = "Emergency Numbers";
			productReference = 5850E5D720E386A2002C1D42 /* Emergency Numbers.app */;
			productType = "com.apple.product-type.application";
		};
/* End PBXNativeTarget section */

/* Begin PBXProject section */
		5850E5CF20E386A2002C1D42 /* Project object */ = {
			isa = PBXProject;
			attributes = {
				LastSwiftUpdateCheck = 0940;
				LastUpgradeCheck = 0940;
				ORGANIZATIONNAME = codeForIraq;
				TargetAttributes = {
					5850E5D620E386A2002C1D42 = {
						CreatedOnToolsVersion = 9.4.1;
					};
				};
			};
			buildConfigurationList = 5850E5D220E386A2002C1D42 /* Build configuration list for PBXProject "Emergency Numbers" */;
			compatibilityVersion = "Xcode 9.3";
			developmentRegion = en;
			hasScannedForEncodings = 0;
			knownRegions = (
				en,
				Base,
			);
			mainGroup = 5850E5CE20E386A1002C1D42;
			productRefGroup = 5850E5D820E386A2002C1D42 /* Products */;
			projectDirPath = "";
			projectRoot = "";
			targets = (
				5850E5D620E386A2002C1D42 /* Emergency Numbers */,
			);
		};
/* End PBXProject section */

/* Begin PBXResourcesBuildPhase section */
		5850E5D520E386A2002C1D42 /* Resources */ = {
			isa = PBXResourcesBuildPhase;
			buildActionMask = 2147483647;
			files = (
				81C8D9EB21A01E7800CA6DE0 /* EmergencyNumbers.csv in Resources */,
				58215E7420E651990004BB8B /* Design.png in Resources */,
				5850E5E820E386AB002C1D42 /* LaunchScreen.storyboard in Resources */,
				5850E5E520E386AB002C1D42 /* Assets.xcassets in Resources */,
				5850E5E020E386A2002C1D42 /* Main.storyboard in Resources */,
			);
			runOnlyForDeploymentPostprocessing = 0;
		};
/* End PBXResourcesBuildPhase section */

/* Begin PBXShellScriptBuildPhase section */
		00106A82340DF3CF036EE93C /* [CP] Embed Pods Frameworks */ = {
			isa = PBXShellScriptBuildPhase;
			buildActionMask = 2147483647;
			files = (
			);
			inputPaths = (
				"${SRCROOT}/Pods/Target Support Files/Pods-Emergency Numbers/Pods-Emergency Numbers-frameworks.sh",
				"${BUILT_PRODUCTS_DIR}/CSV.swift/CSV.framework",
				"${BUILT_PRODUCTS_DIR}/SQLite.swift/SQLite.framework",
				"${BUILT_PRODUCTS_DIR}/VegaScrollFlowLayout/VegaScrollFlowLayout.framework",
			);
			name = "[CP] Embed Pods Frameworks";
			outputPaths = (
				"${TARGET_BUILD_DIR}/${FRAMEWORKS_FOLDER_PATH}/CSV.framework",
				"${TARGET_BUILD_DIR}/${FRAMEWORKS_FOLDER_PATH}/SQLite.framework",
				"${TARGET_BUILD_DIR}/${FRAMEWORKS_FOLDER_PATH}/VegaScrollFlowLayout.framework",
			);
			runOnlyForDeploymentPostprocessing = 0;
			shellPath = /bin/sh;
			shellScript = "\"${SRCROOT}/Pods/Target Support Files/Pods-Emergency Numbers/Pods-Emergency Numbers-frameworks.sh\"\n";
			showEnvVarsInLog = 0;
		};
		9D40CF261B83BD2CA3FD94C4 /* [CP] Check Pods Manifest.lock */ = {
			isa = PBXShellScriptBuildPhase;
			buildActionMask = 2147483647;
			files = (
			);
			inputPaths = (
				"${PODS_PODFILE_DIR_PATH}/Podfile.lock",
				"${PODS_ROOT}/Manifest.lock",
			);
			name = "[CP] Check Pods Manifest.lock";
			outputPaths = (
				"$(DERIVED_FILE_DIR)/Pods-Emergency Numbers-checkManifestLockResult.txt",
			);
			runOnlyForDeploymentPostprocessing = 0;
			shellPath = /bin/sh;
			shellScript = "diff \"${PODS_PODFILE_DIR_PATH}/Podfile.lock\" \"${PODS_ROOT}/Manifest.lock\" > /dev/null\nif [ $? != 0 ] ; then\n    # print error to STDERR\n    echo \"error: The sandbox is not in sync with the Podfile.lock. Run 'pod install' or update your CocoaPods installation.\" >&2\n    exit 1\nfi\n# This output is used by Xcode 'outputs' to avoid re-running this script phase.\necho \"SUCCESS\" > \"${SCRIPT_OUTPUT_FILE_0}\"\n";
			showEnvVarsInLog = 0;
		};
/* End PBXShellScriptBuildPhase section */

/* Begin PBXSourcesBuildPhase section */
		5850E5D320E386A2002C1D42 /* Sources */ = {
			isa = PBXSourcesBuildPhase;
			buildActionMask = 2147483647;
			files = (
				58466BDA20E4E40D0029C1F9 /* DatabaseUtil.swift in Sources */,
				8141144B217B925A00314726 /* CityViewController.swift in Sources */,
				8141144F217B9B1700314726 /* CityCell.swift in Sources */,
				5850E60120E3DEC8002C1D42 /* AboutUsViewController.swift in Sources */,
				81C8D9ED21A0300A00CA6DE0 /* EmergencyController.swift in Sources */,
				5850E5DD20E386A2002C1D42 /* ServicesController.swift in Sources */,
				F230F9FD20E5589500869E1A /* ContactNumber.swift in Sources */,
				81D3AAE821A9B8D000408FAD /* HelperExtensions.swift in Sources */,
				58466BD820E4D7610029C1F9 /* AddViewController.swift in Sources */,
				8141144D217B937E00314726 /* EntryViewController.swift in Sources */,
				5850E5F520E39040002C1D42 /* NumberCell.swift in Sources */,
				5850E5DB20E386A2002C1D42 /* AppDelegate.swift in Sources */,
				5842F1E5213929B500736A97 /* ReviewHelper.swift in Sources */,
				812F9E49217B5D5900106A38 /* GradientView.swift in Sources */,
			);
			runOnlyForDeploymentPostprocessing = 0;
		};
/* End PBXSourcesBuildPhase section */

/* Begin PBXVariantGroup section */
		5850E5DE20E386A2002C1D42 /* Main.storyboard */ = {
			isa = PBXVariantGroup;
			children = (
				5850E5DF20E386A2002C1D42 /* Base */,
			);
			name = Main.storyboard;
			sourceTree = "<group>";
		};
		5850E5E620E386AB002C1D42 /* LaunchScreen.storyboard */ = {
			isa = PBXVariantGroup;
			children = (
				5850E5E720E386AB002C1D42 /* Base */,
			);
			name = LaunchScreen.storyboard;
			sourceTree = "<group>";
		};
/* End PBXVariantGroup section */

/* Begin XCBuildConfiguration section */
		5850E5EA20E386AB002C1D42 /* Debug */ = {
			isa = XCBuildConfiguration;
			buildSettings = {
				ALWAYS_SEARCH_USER_PATHS = NO;
				CLANG_ANALYZER_NONNULL = YES;
				CLANG_ANALYZER_NUMBER_OBJECT_CONVERSION = YES_AGGRESSIVE;
				CLANG_CXX_LANGUAGE_STANDARD = "gnu++14";
				CLANG_CXX_LIBRARY = "libc++";
				CLANG_ENABLE_MODULES = YES;
				CLANG_ENABLE_OBJC_ARC = YES;
				CLANG_ENABLE_OBJC_WEAK = YES;
				CLANG_WARN_BLOCK_CAPTURE_AUTORELEASING = YES;
				CLANG_WARN_BOOL_CONVERSION = YES;
				CLANG_WARN_COMMA = YES;
				CLANG_WARN_CONSTANT_CONVERSION = YES;
				CLANG_WARN_DEPRECATED_OBJC_IMPLEMENTATIONS = YES;
				CLANG_WARN_DIRECT_OBJC_ISA_USAGE = YES_ERROR;
				CLANG_WARN_DOCUMENTATION_COMMENTS = YES;
				CLANG_WARN_EMPTY_BODY = YES;
				CLANG_WARN_ENUM_CONVERSION = YES;
				CLANG_WARN_INFINITE_RECURSION = YES;
				CLANG_WARN_INT_CONVERSION = YES;
				CLANG_WARN_NON_LITERAL_NULL_CONVERSION = YES;
				CLANG_WARN_OBJC_IMPLICIT_RETAIN_SELF = YES;
				CLANG_WARN_OBJC_LITERAL_CONVERSION = YES;
				CLANG_WARN_OBJC_ROOT_CLASS = YES_ERROR;
				CLANG_WARN_RANGE_LOOP_ANALYSIS = YES;
				CLANG_WARN_STRICT_PROTOTYPES = YES;
				CLANG_WARN_SUSPICIOUS_MOVE = YES;
				CLANG_WARN_UNGUARDED_AVAILABILITY = YES_AGGRESSIVE;
				CLANG_WARN_UNREACHABLE_CODE = YES;
				CLANG_WARN__DUPLICATE_METHOD_MATCH = YES;
				CODE_SIGN_IDENTITY = "iPhone Developer";
				COPY_PHASE_STRIP = NO;
				DEBUG_INFORMATION_FORMAT = dwarf;
				ENABLE_STRICT_OBJC_MSGSEND = YES;
				ENABLE_TESTABILITY = YES;
				GCC_C_LANGUAGE_STANDARD = gnu11;
				GCC_DYNAMIC_NO_PIC = NO;
				GCC_NO_COMMON_BLOCKS = YES;
				GCC_OPTIMIZATION_LEVEL = 0;
				GCC_PREPROCESSOR_DEFINITIONS = (
					"DEBUG=1",
					"$(inherited)",
				);
				GCC_WARN_64_TO_32_BIT_CONVERSION = YES;
				GCC_WARN_ABOUT_RETURN_TYPE = YES_ERROR;
				GCC_WARN_UNDECLARED_SELECTOR = YES;
				GCC_WARN_UNINITIALIZED_AUTOS = YES_AGGRESSIVE;
				GCC_WARN_UNUSED_FUNCTION = YES;
				GCC_WARN_UNUSED_VARIABLE = YES;
				IPHONEOS_DEPLOYMENT_TARGET = 11.4;
				MTL_ENABLE_DEBUG_INFO = YES;
				ONLY_ACTIVE_ARCH = YES;
				SDKROOT = iphoneos;
				SWIFT_ACTIVE_COMPILATION_CONDITIONS = DEBUG;
				SWIFT_OPTIMIZATION_LEVEL = "-Onone";
			};
			name = Debug;
		};
		5850E5EB20E386AB002C1D42 /* Release */ = {
			isa = XCBuildConfiguration;
			buildSettings = {
				ALWAYS_SEARCH_USER_PATHS = NO;
				CLANG_ANALYZER_NONNULL = YES;
				CLANG_ANALYZER_NUMBER_OBJECT_CONVERSION = YES_AGGRESSIVE;
				CLANG_CXX_LANGUAGE_STANDARD = "gnu++14";
				CLANG_CXX_LIBRARY = "libc++";
				CLANG_ENABLE_MODULES = YES;
				CLANG_ENABLE_OBJC_ARC = YES;
				CLANG_ENABLE_OBJC_WEAK = YES;
				CLANG_WARN_BLOCK_CAPTURE_AUTORELEASING = YES;
				CLANG_WARN_BOOL_CONVERSION = YES;
				CLANG_WARN_COMMA = YES;
				CLANG_WARN_CONSTANT_CONVERSION = YES;
				CLANG_WARN_DEPRECATED_OBJC_IMPLEMENTATIONS = YES;
				CLANG_WARN_DIRECT_OBJC_ISA_USAGE = YES_ERROR;
				CLANG_WARN_DOCUMENTATION_COMMENTS = YES;
				CLANG_WARN_EMPTY_BODY = YES;
				CLANG_WARN_ENUM_CONVERSION = YES;
				CLANG_WARN_INFINITE_RECURSION = YES;
				CLANG_WARN_INT_CONVERSION = YES;
				CLANG_WARN_NON_LITERAL_NULL_CONVERSION = YES;
				CLANG_WARN_OBJC_IMPLICIT_RETAIN_SELF = YES;
				CLANG_WARN_OBJC_LITERAL_CONVERSION = YES;
				CLANG_WARN_OBJC_ROOT_CLASS = YES_ERROR;
				CLANG_WARN_RANGE_LOOP_ANALYSIS = YES;
				CLANG_WARN_STRICT_PROTOTYPES = YES;
				CLANG_WARN_SUSPICIOUS_MOVE = YES;
				CLANG_WARN_UNGUARDED_AVAILABILITY = YES_AGGRESSIVE;
				CLANG_WARN_UNREACHABLE_CODE = YES;
				CLANG_WARN__DUPLICATE_METHOD_MATCH = YES;
				CODE_SIGN_IDENTITY = "iPhone Developer";
				COPY_PHASE_STRIP = NO;
				DEBUG_INFORMATION_FORMAT = "dwarf-with-dsym";
				ENABLE_NS_ASSERTIONS = NO;
				ENABLE_STRICT_OBJC_MSGSEND = YES;
				GCC_C_LANGUAGE_STANDARD = gnu11;
				GCC_NO_COMMON_BLOCKS = YES;
				GCC_WARN_64_TO_32_BIT_CONVERSION = YES;
				GCC_WARN_ABOUT_RETURN_TYPE = YES_ERROR;
				GCC_WARN_UNDECLARED_SELECTOR = YES;
				GCC_WARN_UNINITIALIZED_AUTOS = YES_AGGRESSIVE;
				GCC_WARN_UNUSED_FUNCTION = YES;
				GCC_WARN_UNUSED_VARIABLE = YES;
				IPHONEOS_DEPLOYMENT_TARGET = 11.4;
				MTL_ENABLE_DEBUG_INFO = NO;
				SDKROOT = iphoneos;
				SWIFT_COMPILATION_MODE = wholemodule;
				SWIFT_OPTIMIZATION_LEVEL = "-O";
				VALIDATE_PRODUCT = YES;
			};
			name = Release;
		};
		5850E5ED20E386AB002C1D42 /* Debug */ = {
			isa = XCBuildConfiguration;
			baseConfigurationReference = E22DEC8D3EABD4A804A994AB /* Pods-Emergency Numbers.debug.xcconfig */;
			buildSettings = {
				ASSETCATALOG_COMPILER_APPICON_NAME = AppIcon;
				CODE_SIGN_IDENTITY = "iPhone Developer";
				CODE_SIGN_STYLE = Automatic;
				DEVELOPMENT_TEAM = N26XM7U465;
				INFOPLIST_FILE = "Emergency Numbers/Info.plist";
				LD_RUNPATH_SEARCH_PATHS = (
					"$(inherited)",
					"@executable_path/Frameworks",
				);
				PRODUCT_BUNDLE_IDENTIFIER = "org.code.for.iraq.Emergency-Numbers";
				PRODUCT_NAME = "$(TARGET_NAME)";
				PROVISIONING_PROFILE_SPECIFIER = "";
				SWIFT_VERSION = 4.0;
				TARGETED_DEVICE_FAMILY = 1;
			};
			name = Debug;
		};
		5850E5EE20E386AB002C1D42 /* Release */ = {
			isa = XCBuildConfiguration;
			baseConfigurationReference = 8D52D8C4AD16A4F8515CB1D2 /* Pods-Emergency Numbers.release.xcconfig */;
			buildSettings = {
				ASSETCATALOG_COMPILER_APPICON_NAME = AppIcon;
				CODE_SIGN_IDENTITY = "iPhone Developer";
				CODE_SIGN_STYLE = Automatic;
				DEVELOPMENT_TEAM = N26XM7U465;
				INFOPLIST_FILE = "Emergency Numbers/Info.plist";
				LD_RUNPATH_SEARCH_PATHS = (
					"$(inherited)",
					"@executable_path/Frameworks",
				);
				PRODUCT_BUNDLE_IDENTIFIER = "org.code.for.iraq.Emergency-Numbers";
				PRODUCT_NAME = "$(TARGET_NAME)";
				PROVISIONING_PROFILE_SPECIFIER = "";
				SWIFT_VERSION = 4.0;
				TARGETED_DEVICE_FAMILY = 1;
			};
			name = Release;
		};
/* End XCBuildConfiguration section */

/* Begin XCConfigurationList section */
		5850E5D220E386A2002C1D42 /* Build configuration list for PBXProject "Emergency Numbers" */ = {
			isa = XCConfigurationList;
			buildConfigurations = (
				5850E5EA20E386AB002C1D42 /* Debug */,
				5850E5EB20E386AB002C1D42 /* Release */,
			);
			defaultConfigurationIsVisible = 0;
			defaultConfigurationName = Release;
		};
		5850E5EC20E386AB002C1D42 /* Build configuration list for PBXNativeTarget "Emergency Numbers" */ = {
			isa = XCConfigurationList;
			buildConfigurations = (
				5850E5ED20E386AB002C1D42 /* Debug */,
				5850E5EE20E386AB002C1D42 /* Release */,
			);
			defaultConfigurationIsVisible = 0;
			defaultConfigurationName = Release;
		};
/* End XCConfigurationList section */
	};
	rootObject = 5850E5CF20E386A2002C1D42 /* Project object */;
}
